version = 1
requires-python = ">=3.12"

[[package]]
name = "avro"
version = "1.12.0"
source = { registry = "https://pypi.org/simple" }
sdist = { url = "https://files.pythonhosted.org/packages/e6/73/48668732bbc8ae1e79b237f84e761204c8dd266c5e16e7601000aba471d3/avro-1.12.0.tar.gz", hash = "sha256:cad9c53b23ceed699c7af6bddced42e2c572fd6b408c257a7d4fc4e8cf2e2d6b", size = 91025 }
wheels = [
    { url = "https://files.pythonhosted.org/packages/a8/f9/6c55a90a834594b1c4c6184e8d1b97fa881af84be8e6f4b3ebb2e9d8da19/avro-1.12.0-py2.py3-none-any.whl", hash = "sha256:9a255c72e1837341dd4f6ff57b2b6f68c0f0cecdef62dd04962e10fd33bec05b", size = 124227 },
]

[[package]]
name = "lab2"
version = "0.1.0"
source = { virtual = "." }
dependencies = [
    { name = "avro" },
    { name = "numpy" },
    { name = "pyarrow" },
    { name = "pyright" },
    { name = "ruff" },
]

[package.metadata]
requires-dist = [
    { name = "avro", specifier = ">=1.12.0" },
    { name = "numpy", specifier = ">=2.2.2" },
    { name = "pyarrow", specifier = ">=19.0.0" },
    { name = "pyright", specifier = ">=1.1.393" },
    { name = "ruff", specifier = ">=0.9.4" },
]

[[package]]
name = "nodeenv"
version = "1.9.1"
source = { registry = "https://pypi.org/simple" }
sdist = { url = "https://files.pythonhosted.org/packages/43/16/fc88b08840de0e0a72a2f9d8c6bae36be573e475a6326ae854bcc549fc45/nodeenv-1.9.1.tar.gz", hash = "sha256:6ec12890a2dab7946721edbfbcd91f3319c6ccc9aec47be7c7e6b7011ee6645f", size = 47437 }
wheels = [
    { url = "https://files.pythonhosted.org/packages/d2/1d/1b658dbd2b9fa9c4c9f32accbfc0205d532c8c6194dc0f2a4c0428e7128a/nodeenv-1.9.1-py2.py3-none-any.whl", hash = "sha256:ba11c9782d29c27c70ffbdda2d7415098754709be8a7056d79a737cd901155c9", size = 22314 },
]

[[package]]
name = "numpy"
version = "2.2.2"
source = { registry = "https://pypi.org/simple" }
sdist = { url = "https://files.pythonhosted.org/packages/ec/d0/c12ddfd3a02274be06ffc71f3efc6d0e457b0409c4481596881e748cb264/numpy-2.2.2.tar.gz", hash = "sha256:ed6906f61834d687738d25988ae117683705636936cc605be0bb208b23df4d8f", size = 20233295 }
wheels = [
    { url = "https://files.pythonhosted.org/packages/0c/e6/847d15770ab7a01e807bdfcd4ead5bdae57c0092b7dc83878171b6af97bb/numpy-2.2.2-cp312-cp312-macosx_10_13_x86_64.whl", hash = "sha256:ac9bea18d6d58a995fac1b2cb4488e17eceeac413af014b1dd26170b766d8467", size = 20912636 },
    { url = "https://files.pythonhosted.org/packages/d1/af/f83580891577b13bd7e261416120e036d0d8fb508c8a43a73e38928b794b/numpy-2.2.2-cp312-cp312-macosx_11_0_arm64.whl", hash = "sha256:23ae9f0c2d889b7b2d88a3791f6c09e2ef827c2446f1c4a3e3e76328ee4afd9a", size = 14098403 },
    { url = "https://files.pythonhosted.org/packages/2b/86/d019fb60a9d0f1d4cf04b014fe88a9135090adfadcc31c1fadbb071d7fa7/numpy-2.2.2-cp312-cp312-macosx_14_0_arm64.whl", hash = "sha256:3074634ea4d6df66be04f6728ee1d173cfded75d002c75fac79503a880bf3825", size = 5128938 },
    { url = "https://files.pythonhosted.org/packages/7a/1b/50985edb6f1ec495a1c36452e860476f5b7ecdc3fc59ea89ccad3c4926c5/numpy-2.2.2-cp312-cp312-macosx_14_0_x86_64.whl", hash = "sha256:8ec0636d3f7d68520afc6ac2dc4b8341ddb725039de042faf0e311599f54eb37", size = 6661937 },
    { url = "https://files.pythonhosted.org/packages/f4/1b/17efd94cad1b9d605c3f8907fb06bcffc4ce4d1d14d46b95316cccccf2b9/numpy-2.2.2-cp312-cp312-manylinux_2_17_aarch64.manylinux2014_aarch64.whl", hash = "sha256:2ffbb1acd69fdf8e89dd60ef6182ca90a743620957afb7066385a7bbe88dc748", size = 14049518 },
    { url = "https://files.pythonhosted.org/packages/5b/73/65d2f0b698df1731e851e3295eb29a5ab8aa06f763f7e4188647a809578d/numpy-2.2.2-cp312-cp312-manylinux_2_17_x86_64.manylinux2014_x86_64.whl", hash = "sha256:0349b025e15ea9d05c3d63f9657707a4e1d471128a3b1d876c095f328f8ff7f0", size = 16099146 },
    { url = "https://files.pythonhosted.org/packages/d5/69/308f55c0e19d4b5057b5df286c5433822e3c8039ede06d4051d96f1c2c4e/numpy-2.2.2-cp312-cp312-musllinux_1_2_aarch64.whl", hash = "sha256:463247edcee4a5537841d5350bc87fe8e92d7dd0e8c71c995d2c6eecb8208278", size = 15246336 },
    { url = "https://files.pythonhosted.org/packages/f0/d8/d8d333ad0d8518d077a21aeea7b7c826eff766a2b1ce1194dea95ca0bacf/numpy-2.2.2-cp312-cp312-musllinux_1_2_x86_64.whl", hash = "sha256:9dd47ff0cb2a656ad69c38da850df3454da88ee9a6fde0ba79acceee0e79daba", size = 17863507 },
    { url = "https://files.pythonhosted.org/packages/82/6e/0b84ad3103ffc16d6673e63b5acbe7901b2af96c2837174c6318c98e27ab/numpy-2.2.2-cp312-cp312-win32.whl", hash = "sha256:4525b88c11906d5ab1b0ec1f290996c0020dd318af8b49acaa46f198b1ffc283", size = 6276491 },
    { url = "https://files.pythonhosted.org/packages/fc/84/7f801a42a67b9772a883223a0a1e12069a14626c81a732bd70aac57aebc1/numpy-2.2.2-cp312-cp312-win_amd64.whl", hash = "sha256:5acea83b801e98541619af398cc0109ff48016955cc0818f478ee9ef1c5c3dcb", size = 12616372 },
    { url = "https://files.pythonhosted.org/packages/e1/fe/df5624001f4f5c3e0b78e9017bfab7fdc18a8d3b3d3161da3d64924dd659/numpy-2.2.2-cp313-cp313-macosx_10_13_x86_64.whl", hash = "sha256:b208cfd4f5fe34e1535c08983a1a6803fdbc7a1e86cf13dd0c61de0b51a0aadc", size = 20899188 },
    { url = "https://files.pythonhosted.org/packages/a9/80/d349c3b5ed66bd3cb0214be60c27e32b90a506946857b866838adbe84040/numpy-2.2.2-cp313-cp313-macosx_11_0_arm64.whl", hash = "sha256:d0bbe7dd86dca64854f4b6ce2ea5c60b51e36dfd597300057cf473d3615f2369", size = 14113972 },
    { url = "https://files.pythonhosted.org/packages/9d/50/949ec9cbb28c4b751edfa64503f0913cbfa8d795b4a251e7980f13a8a655/numpy-2.2.2-cp313-cp313-macosx_14_0_arm64.whl", hash = "sha256:22ea3bb552ade325530e72a0c557cdf2dea8914d3a5e1fecf58fa5dbcc6f43cd", size = 5114294 },
    { url = "https://files.pythonhosted.org/packages/8d/f3/399c15629d5a0c68ef2aa7621d430b2be22034f01dd7f3c65a9c9666c445/numpy-2.2.2-cp313-cp313-macosx_14_0_x86_64.whl", hash = "sha256:128c41c085cab8a85dc29e66ed88c05613dccf6bc28b3866cd16050a2f5448be", size = 6648426 },
    { url = "https://files.pythonhosted.org/packages/2c/03/c72474c13772e30e1bc2e558cdffd9123c7872b731263d5648b5c49dd459/numpy-2.2.2-cp313-cp313-manylinux_2_17_aarch64.manylinux2014_aarch64.whl", hash = "sha256:250c16b277e3b809ac20d1f590716597481061b514223c7badb7a0f9993c7f84", size = 14045990 },
    { url = "https://files.pythonhosted.org/packages/83/9c/96a9ab62274ffafb023f8ee08c88d3d31ee74ca58869f859db6845494fa6/numpy-2.2.2-cp313-cp313-manylinux_2_17_x86_64.manylinux2014_x86_64.whl", hash = "sha256:e0c8854b09bc4de7b041148d8550d3bd712b5c21ff6a8ed308085f190235d7ff", size = 16096614 },
    { url = "https://files.pythonhosted.org/packages/d5/34/cd0a735534c29bec7093544b3a509febc9b0df77718a9b41ffb0809c9f46/numpy-2.2.2-cp313-cp313-musllinux_1_2_aarch64.whl", hash = "sha256:b6fb9c32a91ec32a689ec6410def76443e3c750e7cfc3fb2206b985ffb2b85f0", size = 15242123 },
    { url = "https://files.pythonhosted.org/packages/5e/6d/541717a554a8f56fa75e91886d9b79ade2e595918690eb5d0d3dbd3accb9/numpy-2.2.2-cp313-cp313-musllinux_1_2_x86_64.whl", hash = "sha256:57b4012e04cc12b78590a334907e01b3a85efb2107df2b8733ff1ed05fce71de", size = 17859160 },
    { url = "https://files.pythonhosted.org/packages/b9/a5/fbf1f2b54adab31510728edd06a05c1b30839f37cf8c9747cb85831aaf1b/numpy-2.2.2-cp313-cp313-win32.whl", hash = "sha256:4dbd80e453bd34bd003b16bd802fac70ad76bd463f81f0c518d1245b1c55e3d9", size = 6273337 },
    { url = "https://files.pythonhosted.org/packages/56/e5/01106b9291ef1d680f82bc47d0c5b5e26dfed15b0754928e8f856c82c881/numpy-2.2.2-cp313-cp313-win_amd64.whl", hash = "sha256:5a8c863ceacae696aff37d1fd636121f1a512117652e5dfb86031c8d84836369", size = 12609010 },
    { url = "https://files.pythonhosted.org/packages/9f/30/f23d9876de0f08dceb707c4dcf7f8dd7588266745029debb12a3cdd40be6/numpy-2.2.2-cp313-cp313t-macosx_10_13_x86_64.whl", hash = "sha256:b3482cb7b3325faa5f6bc179649406058253d91ceda359c104dac0ad320e1391", size = 20924451 },
    { url = "https://files.pythonhosted.org/packages/6a/ec/6ea85b2da9d5dfa1dbb4cb3c76587fc8ddcae580cb1262303ab21c0926c4/numpy-2.2.2-cp313-cp313t-macosx_11_0_arm64.whl", hash = "sha256:9491100aba630910489c1d0158034e1c9a6546f0b1340f716d522dc103788e39", size = 14122390 },
    { url = "https://files.pythonhosted.org/packages/68/05/bfbdf490414a7dbaf65b10c78bc243f312c4553234b6d91c94eb7c4b53c2/numpy-2.2.2-cp313-cp313t-macosx_14_0_arm64.whl", hash = "sha256:41184c416143defa34cc8eb9d070b0a5ba4f13a0fa96a709e20584638254b317", size = 5156590 },
    { url = "https://files.pythonhosted.org/packages/f7/ec/fe2e91b2642b9d6544518388a441bcd65c904cea38d9ff998e2e8ebf808e/numpy-2.2.2-cp313-cp313t-macosx_14_0_x86_64.whl", hash = "sha256:7dca87ca328f5ea7dafc907c5ec100d187911f94825f8700caac0b3f4c384b49", size = 6671958 },
    { url = "https://files.pythonhosted.org/packages/b1/6f/6531a78e182f194d33ee17e59d67d03d0d5a1ce7f6be7343787828d1bd4a/numpy-2.2.2-cp313-cp313t-manylinux_2_17_aarch64.manylinux2014_aarch64.whl", hash = "sha256:0bc61b307655d1a7f9f4b043628b9f2b721e80839914ede634e3d485913e1fb2", size = 14019950 },
    { url = "https://files.pythonhosted.org/packages/e1/fb/13c58591d0b6294a08cc40fcc6b9552d239d773d520858ae27f39997f2ae/numpy-2.2.2-cp313-cp313t-manylinux_2_17_x86_64.manylinux2014_x86_64.whl", hash = "sha256:9fad446ad0bc886855ddf5909cbf8cb5d0faa637aaa6277fb4b19ade134ab3c7", size = 16079759 },
    { url = "https://files.pythonhosted.org/packages/2c/f2/f2f8edd62abb4b289f65a7f6d1f3650273af00b91b7267a2431be7f1aec6/numpy-2.2.2-cp313-cp313t-musllinux_1_2_aarch64.whl", hash = "sha256:149d1113ac15005652e8d0d3f6fd599360e1a708a4f98e43c9c77834a28238cb", size = 15226139 },
    { url = "https://files.pythonhosted.org/packages/aa/29/14a177f1a90b8ad8a592ca32124ac06af5eff32889874e53a308f850290f/numpy-2.2.2-cp313-cp313t-musllinux_1_2_x86_64.whl", hash = "sha256:106397dbbb1896f99e044efc90360d098b3335060375c26aa89c0d8a97c5f648", size = 17856316 },
    { url = "https://files.pythonhosted.org/packages/95/03/242ae8d7b97f4e0e4ab8dd51231465fb23ed5e802680d629149722e3faf1/numpy-2.2.2-cp313-cp313t-win32.whl", hash = "sha256:0eec19f8af947a61e968d5429f0bd92fec46d92b0008d0a6685b40d6adf8a4f4", size = 6329134 },
    { url = "https://files.pythonhosted.org/packages/80/94/cd9e9b04012c015cb6320ab3bf43bc615e248dddfeb163728e800a5d96f0/numpy-2.2.2-cp313-cp313t-win_amd64.whl", hash = "sha256:97b974d3ba0fb4612b77ed35d7627490e8e3dff56ab41454d9e8b23448940576", size = 12696208 },
]

[[package]]
name = "pyarrow"
version = "19.0.0"
source = { registry = "https://pypi.org/simple" }
sdist = { url = "https://files.pythonhosted.org/packages/7b/01/fe1fd04744c2aa038e5a11c7a4adb3d62bce09798695e54f7274b5977134/pyarrow-19.0.0.tar.gz", hash = "sha256:8d47c691765cf497aaeed4954d226568563f1b3b74ff61139f2d77876717084b", size = 1129096 }
wheels = [
    { url = "https://files.pythonhosted.org/packages/bc/2e/152885f5ef421e80dae68b9c133ab261934f93a6d5e16b61d79c0ed597fb/pyarrow-19.0.0-cp312-cp312-macosx_12_0_arm64.whl", hash = "sha256:a7bbe7109ab6198688b7079cbad5a8c22de4d47c4880d8e4847520a83b0d1b68", size = 30667964 },
    { url = "https://files.pythonhosted.org/packages/80/c2/08bbee9a8610a47c9a1466845f405baf53a639ddd947c5133d8ba13544b6/pyarrow-19.0.0-cp312-cp312-macosx_12_0_x86_64.whl", hash = "sha256:4624c89d6f777c580e8732c27bb8e77fd1433b89707f17c04af7635dd9638351", size = 32125039 },
    { url = "https://files.pythonhosted.org/packages/d2/56/06994df823212f5688d3c8bf4294928b12c9be36681872853655724d28c6/pyarrow-19.0.0-cp312-cp312-manylinux_2_17_aarch64.manylinux2014_aarch64.whl", hash = "sha256:2b6d3ce4288793350dc2d08d1e184fd70631ea22a4ff9ea5c4ff182130249d9b", size = 41140729 },
    { url = "https://files.pythonhosted.org/packages/94/65/38ad577c98140a9db71e9e1e594b6adb58a7478a5afec6456a8ca2df7f70/pyarrow-19.0.0-cp312-cp312-manylinux_2_17_x86_64.manylinux2014_x86_64.whl", hash = "sha256:450a7d27e840e4d9a384b5c77199d489b401529e75a3b7a3799d4cd7957f2f9c", size = 42202267 },
    { url = "https://files.pythonhosted.org/packages/b6/1f/966b722251a7354114ccbb71cf1a83922023e69efd8945ebf628a851ec4c/pyarrow-19.0.0-cp312-cp312-manylinux_2_28_aarch64.whl", hash = "sha256:a08e2a8a039a3f72afb67a6668180f09fddaa38fe0d21f13212b4aba4b5d2451", size = 40505858 },
    { url = "https://files.pythonhosted.org/packages/3b/5e/6bc81aa7fc9affc7d1c03b912fbcc984ca56c2a18513684da267715dab7b/pyarrow-19.0.0-cp312-cp312-manylinux_2_28_x86_64.whl", hash = "sha256:f43f5aef2a13d4d56adadae5720d1fed4c1356c993eda8b59dace4b5983843c1", size = 42084973 },
    { url = "https://files.pythonhosted.org/packages/53/c3/2f56da818b6a4758cbd514957c67bd0f078ebffa5390ee2e2bf0f9e8defc/pyarrow-19.0.0-cp312-cp312-win_amd64.whl", hash = "sha256:2f672f5364b2d7829ef7c94be199bb88bf5661dd485e21d2d37de12ccb78a136", size = 25241976 },
    { url = "https://files.pythonhosted.org/packages/f5/b9/ba07ed3dd6b6e4f379b78e9c47c50c8886e07862ab7fa6339ac38622d755/pyarrow-19.0.0-cp313-cp313-macosx_12_0_arm64.whl", hash = "sha256:cf3bf0ce511b833f7bc5f5bb3127ba731e97222023a444b7359f3a22e2a3b463", size = 30651291 },
    { url = "https://files.pythonhosted.org/packages/ad/10/0d304243c8277035298a68a70807efb76199c6c929bb3363c92ac9be6a0d/pyarrow-19.0.0-cp313-cp313-macosx_12_0_x86_64.whl", hash = "sha256:4d8b0c0de0a73df1f1bf439af1b60f273d719d70648e898bc077547649bb8352", size = 32100461 },
    { url = "https://files.pythonhosted.org/packages/8a/61/bcfc5182e11831bca3f849945b9b106e09fd10ded773dff466658e972a45/pyarrow-19.0.0-cp313-cp313-manylinux_2_17_aarch64.manylinux2014_aarch64.whl", hash = "sha256:a92aff08e23d281c69835e4a47b80569242a504095ef6a6223c1f6bb8883431d", size = 41132491 },
    { url = "https://files.pythonhosted.org/packages/8e/87/2915a29049ec352dc69a967fbcbd76b0180319233de0daf8bd368df37099/pyarrow-19.0.0-cp313-cp313-manylinux_2_17_x86_64.manylinux2014_x86_64.whl", hash = "sha256:c3b78eff5968a1889a0f3bc81ca57e1e19b75f664d9c61a42a604bf9d8402aae", size = 42192529 },
    { url = "https://files.pythonhosted.org/packages/48/18/44e5542b2707a8afaf78b5b88c608f261871ae77787eac07b7c679ca6f0f/pyarrow-19.0.0-cp313-cp313-manylinux_2_28_aarch64.whl", hash = "sha256:b34d3bde38eba66190b215bae441646330f8e9da05c29e4b5dd3e41bde701098", size = 40495363 },
    { url = "https://files.pythonhosted.org/packages/ba/d6/5096deb7599bbd20bc2768058fe23bc725b88eb41bee58303293583a2935/pyarrow-19.0.0-cp313-cp313-manylinux_2_28_x86_64.whl", hash = "sha256:5418d4d0fab3a0ed497bad21d17a7973aad336d66ad4932a3f5f7480d4ca0c04", size = 42074075 },
    { url = "https://files.pythonhosted.org/packages/2c/df/e3c839c04c284c9ec3d62b02a8c452b795d9b07b04079ab91ce33484d4c5/pyarrow-19.0.0-cp313-cp313-win_amd64.whl", hash = "sha256:e82c3d5e44e969c217827b780ed8faf7ac4c53f934ae9238872e749fa531f7c9", size = 25239803 },
    { url = "https://files.pythonhosted.org/packages/6a/d3/a6d4088e906c7b5d47792256212606d2ae679046dc750eee0ae167338e5c/pyarrow-19.0.0-cp313-cp313t-macosx_12_0_arm64.whl", hash = "sha256:f208c3b58a6df3b239e0bb130e13bc7487ed14f39a9ff357b6415e3f6339b560", size = 30695401 },
    { url = "https://files.pythonhosted.org/packages/94/25/70040fd0e397dd1b937f459eaeeec942a76027357491dca0ada09d1322af/pyarrow-19.0.0-cp313-cp313t-macosx_12_0_x86_64.whl", hash = "sha256:c751c1c93955b7a84c06794df46f1cec93e18610dcd5ab7d08e89a81df70a849", size = 32104680 },
    { url = "https://files.pythonhosted.org/packages/4e/f9/92783290cc0d80ca16d34b0c126305bfacca4b87dd889c8f16c6ef2a8fd7/pyarrow-19.0.0-cp313-cp313t-manylinux_2_17_aarch64.manylinux2014_aarch64.whl", hash = "sha256:b903afaa5df66d50fc38672ad095806443b05f202c792694f3a604ead7c6ea6e", size = 41076754 },
    { url = "https://files.pythonhosted.org/packages/05/46/2c9870f50a495c72e2b8982ae29a9b1680707ea936edc0de444cec48f875/pyarrow-19.0.0-cp313-cp313t-manylinux_2_17_x86_64.manylinux2014_x86_64.whl", hash = "sha256:a22a4bc0937856263df8b94f2f2781b33dd7f876f787ed746608e06902d691a5", size = 42163133 },
    { url = "https://files.pythonhosted.org/packages/7b/2f/437922b902549228fb15814e8a26105bff2787ece466a8d886eb6699efad/pyarrow-19.0.0-cp313-cp313t-manylinux_2_28_aarch64.whl", hash = "sha256:5e8a28b918e2e878c918f6d89137386c06fe577cd08d73a6be8dafb317dc2d73", size = 40452210 },
    { url = "https://files.pythonhosted.org/packages/36/ef/1d7975053af9d106da973bac142d0d4da71b7550a3576cc3e0b3f444d21a/pyarrow-19.0.0-cp313-cp313t-manylinux_2_28_x86_64.whl", hash = "sha256:29cd86c8001a94f768f79440bf83fee23963af5e7bc68ce3a7e5f120e17edf89", size = 42077618 },
]

[[package]]
name = "pyright"
version = "1.1.393"
source = { registry = "https://pypi.org/simple" }
dependencies = [
    { name = "nodeenv" },
    { name = "typing-extensions" },
]
sdist = { url = "https://files.pythonhosted.org/packages/f4/c1/aede6c74e664ab103673e4f1b7fd3d058fef32276be5c43572f4067d4a8e/pyright-1.1.393.tar.gz", hash = "sha256:aeeb7ff4e0364775ef416a80111613f91a05c8e01e58ecfefc370ca0db7aed9c", size = 3790430 }
wheels = [
    { url = "https://files.pythonhosted.org/packages/92/47/f0dd0f8afce13d92e406421ecac6df0990daee84335fc36717678577d3e0/pyright-1.1.393-py3-none-any.whl", hash = "sha256:8320629bb7a44ca90944ba599390162bf59307f3d9fb6e27da3b7011b8c17ae5", size = 5646057 },
]

[[package]]
name = "ruff"
version = "0.9.4"
source = { registry = "https://pypi.org/simple" }
sdist = { url = "https://files.pythonhosted.org/packages/c0/17/529e78f49fc6f8076f50d985edd9a2cf011d1dbadb1cdeacc1d12afc1d26/ruff-0.9.4.tar.gz", hash = "sha256:6907ee3529244bb0ed066683e075f09285b38dd5b4039370df6ff06041ca19e7", size = 3599458 }
wheels = [
    { url = "https://files.pythonhosted.org/packages/b6/f8/3fafb7804d82e0699a122101b5bee5f0d6e17c3a806dcbc527bb7d3f5b7a/ruff-0.9.4-py3-none-linux_armv6l.whl", hash = "sha256:64e73d25b954f71ff100bb70f39f1ee09e880728efb4250c632ceed4e4cdf706", size = 11668400 },
    { url = "https://files.pythonhosted.org/packages/2e/a6/2efa772d335da48a70ab2c6bb41a096c8517ca43c086ea672d51079e3d1f/ruff-0.9.4-py3-none-macosx_10_12_x86_64.whl", hash = "sha256:6ce6743ed64d9afab4fafeaea70d3631b4d4b28b592db21a5c2d1f0ef52934bf", size = 11628395 },
    { url = "https://files.pythonhosted.org/packages/dc/d7/cd822437561082f1c9d7225cc0d0fbb4bad117ad7ac3c41cd5d7f0fa948c/ruff-0.9.4-py3-none-macosx_11_0_arm64.whl", hash = "sha256:54499fb08408e32b57360f6f9de7157a5fec24ad79cb3f42ef2c3f3f728dfe2b", size = 11090052 },
    { url = "https://files.pythonhosted.org/packages/9e/67/3660d58e893d470abb9a13f679223368ff1684a4ef40f254a0157f51b448/ruff-0.9.4-py3-none-manylinux_2_17_aarch64.manylinux2014_aarch64.whl", hash = "sha256:37c892540108314a6f01f105040b5106aeb829fa5fb0561d2dcaf71485021137", size = 11882221 },
    { url = "https://files.pythonhosted.org/packages/79/d1/757559995c8ba5f14dfec4459ef2dd3fcea82ac43bc4e7c7bf47484180c0/ruff-0.9.4-py3-none-manylinux_2_17_armv7l.manylinux2014_armv7l.whl", hash = "sha256:de9edf2ce4b9ddf43fd93e20ef635a900e25f622f87ed6e3047a664d0e8f810e", size = 11424862 },
    { url = "https://files.pythonhosted.org/packages/c0/96/7915a7c6877bb734caa6a2af424045baf6419f685632469643dbd8eb2958/ruff-0.9.4-py3-none-manylinux_2_17_i686.manylinux2014_i686.whl", hash = "sha256:87c90c32357c74f11deb7fbb065126d91771b207bf9bfaaee01277ca59b574ec", size = 12626735 },
    { url = "https://files.pythonhosted.org/packages/0e/cc/dadb9b35473d7cb17c7ffe4737b4377aeec519a446ee8514123ff4a26091/ruff-0.9.4-py3-none-manylinux_2_17_ppc64.manylinux2014_ppc64.whl", hash = "sha256:56acd6c694da3695a7461cc55775f3a409c3815ac467279dfa126061d84b314b", size = 13255976 },
    { url = "https://files.pythonhosted.org/packages/5f/c3/ad2dd59d3cabbc12df308cced780f9c14367f0321e7800ca0fe52849da4c/ruff-0.9.4-py3-none-manylinux_2_17_ppc64le.manylinux2014_ppc64le.whl", hash = "sha256:e0c93e7d47ed951b9394cf352d6695b31498e68fd5782d6cbc282425655f687a", size = 12752262 },
    { url = "https://files.pythonhosted.org/packages/c7/17/5f1971e54bd71604da6788efd84d66d789362b1105e17e5ccc53bba0289b/ruff-0.9.4-py3-none-manylinux_2_17_s390x.manylinux2014_s390x.whl", hash = "sha256:1d4c8772670aecf037d1bf7a07c39106574d143b26cfe5ed1787d2f31e800214", size = 14401648 },
    { url = "https://files.pythonhosted.org/packages/30/24/6200b13ea611b83260501b6955b764bb320e23b2b75884c60ee7d3f0b68e/ruff-0.9.4-py3-none-manylinux_2_17_x86_64.manylinux2014_x86_64.whl", hash = "sha256:bfc5f1d7afeda8d5d37660eeca6d389b142d7f2b5a1ab659d9214ebd0e025231", size = 12414702 },
    { url = "https://files.pythonhosted.org/packages/34/cb/f5d50d0c4ecdcc7670e348bd0b11878154bc4617f3fdd1e8ad5297c0d0ba/ruff-0.9.4-py3-none-musllinux_1_2_aarch64.whl", hash = "sha256:faa935fc00ae854d8b638c16a5f1ce881bc3f67446957dd6f2af440a5fc8526b", size = 11859608 },
    { url = "https://files.pythonhosted.org/packages/d6/f4/9c8499ae8426da48363bbb78d081b817b0f64a9305f9b7f87eab2a8fb2c1/ruff-0.9.4-py3-none-musllinux_1_2_armv7l.whl", hash = "sha256:a6c634fc6f5a0ceae1ab3e13c58183978185d131a29c425e4eaa9f40afe1e6d6", size = 11485702 },
    { url = "https://files.pythonhosted.org/packages/18/59/30490e483e804ccaa8147dd78c52e44ff96e1c30b5a95d69a63163cdb15b/ruff-0.9.4-py3-none-musllinux_1_2_i686.whl", hash = "sha256:433dedf6ddfdec7f1ac7575ec1eb9844fa60c4c8c2f8887a070672b8d353d34c", size = 12067782 },
    { url = "https://files.pythonhosted.org/packages/3d/8c/893fa9551760b2f8eb2a351b603e96f15af167ceaf27e27ad873570bc04c/ruff-0.9.4-py3-none-musllinux_1_2_x86_64.whl", hash = "sha256:d612dbd0f3a919a8cc1d12037168bfa536862066808960e0cc901404b77968f0", size = 12483087 },
    { url = "https://files.pythonhosted.org/packages/23/15/f6751c07c21ca10e3f4a51ea495ca975ad936d780c347d9808bcedbd7182/ruff-0.9.4-py3-none-win32.whl", hash = "sha256:db1192ddda2200671f9ef61d9597fcef89d934f5d1705e571a93a67fb13a4402", size = 9852302 },
    { url = "https://files.pythonhosted.org/packages/12/41/2d2d2c6a72e62566f730e49254f602dfed23019c33b5b21ea8f8917315a1/ruff-0.9.4-py3-none-win_amd64.whl", hash = "sha256:05bebf4cdbe3ef75430d26c375773978950bbf4ee3c95ccb5448940dc092408e", size = 10850051 },
    { url = "https://files.pythonhosted.org/packages/c6/e6/3d6ec3bc3d254e7f005c543a661a41c3e788976d0e52a1ada195bd664344/ruff-0.9.4-py3-none-win_arm64.whl", hash = "sha256:585792f1e81509e38ac5123492f8875fbc36f3ede8185af0a26df348e5154f41", size = 10078251 },
]

[[package]]
name = "typing-extensions"
version = "4.12.2"
source = { registry = "https://pypi.org/simple" }
sdist = { url = "https://files.pythonhosted.org/packages/df/db/f35a00659bc03fec321ba8bce9420de607a1d37f8342eee1863174c69557/typing_extensions-4.12.2.tar.gz", hash = "sha256:1a7ead55c7e559dd4dee8856e3a88b41225abfe1ce8df57b7c13915fe121ffb8", size = 85321 }
wheels = [
    { url = "https://files.pythonhosted.org/packages/26/9f/ad63fc0248c5379346306f8668cda6e2e2e9c95e01216d2b8ffd9ff037d0/typing_extensions-4.12.2-py3-none-any.whl", hash = "sha256:04e5ca0351e0f3f85c6853954072df659d0d13fac324d0072316b67d7794700d", size = 37438 },
]
